// !$*UTF8*$!
{
	archiveVersion = 1;
	classes = {
	};
	objectVersion = 56;
	objects = {

/* Begin PBXBuildFile section */
		B80806A92B46DADB00299F9F /* AppDelegate.swift in Sources */ = {isa = PBXBuildFile; fileRef = B80806A82B46DADB00299F9F /* AppDelegate.swift */; };
		B80806AB2B46DADB00299F9F /* SceneDelegate.swift in Sources */ = {isa = PBXBuildFile; fileRef = B80806AA2B46DADB00299F9F /* SceneDelegate.swift */; };
		B80806B22B46DADD00299F9F /* Assets.xcassets in Resources */ = {isa = PBXBuildFile; fileRef = B80806B12B46DADD00299F9F /* Assets.xcassets */; };
		B80806B52B46DADD00299F9F /* LaunchScreen.storyboard in Resources */ = {isa = PBXBuildFile; fileRef = B80806B32B46DADD00299F9F /* LaunchScreen.storyboard */; };
		B80806BE2B46DD8D00299F9F /* SnapKit in Frameworks */ = {isa = PBXBuildFile; productRef = B80806BD2B46DD8D00299F9F /* SnapKit */; };
		B80806C02B46DD8D00299F9F /* SnapKit-Dynamic in Frameworks */ = {isa = PBXBuildFile; productRef = B80806BF2B46DD8D00299F9F /* SnapKit-Dynamic */; };
		B80806C72B46DE1F00299F9F /* RxCocoa in Frameworks */ = {isa = PBXBuildFile; productRef = B80806C62B46DE1F00299F9F /* RxCocoa */; };
		B80806C92B46DE1F00299F9F /* RxCocoa-Dynamic in Frameworks */ = {isa = PBXBuildFile; productRef = B80806C82B46DE1F00299F9F /* RxCocoa-Dynamic */; };
		B80806CF2B46DE1F00299F9F /* RxSwift in Frameworks */ = {isa = PBXBuildFile; productRef = B80806CE2B46DE1F00299F9F /* RxSwift */; };
		B80806D12B46DE1F00299F9F /* RxSwift-Dynamic in Frameworks */ = {isa = PBXBuildFile; productRef = B80806D02B46DE1F00299F9F /* RxSwift-Dynamic */; };
		B80806D92B46E21700299F9F /* TestView.swift in Sources */ = {isa = PBXBuildFile; fileRef = B80806D82B46E21700299F9F /* TestView.swift */; };
		B80806DB2B46E22900299F9F /* TestViewController.swift in Sources */ = {isa = PBXBuildFile; fileRef = B80806DA2B46E22900299F9F /* TestViewController.swift */; };
		B80807002B4C3C9B00299F9F /* MemberListViewController.swift in Sources */ = {isa = PBXBuildFile; fileRef = B80806FF2B4C3C9B00299F9F /* MemberListViewController.swift */; };
		B80807042B4C3CB600299F9F /* MemberListView.swift in Sources */ = {isa = PBXBuildFile; fileRef = B80807032B4C3CB600299F9F /* MemberListView.swift */; };
		B80807062B4C3CBF00299F9F /* MemberDetailView.swift in Sources */ = {isa = PBXBuildFile; fileRef = B80807052B4C3CBF00299F9F /* MemberDetailView.swift */; };
		B80807082B4C3CCF00299F9F /* MemberDetailViewController.swift in Sources */ = {isa = PBXBuildFile; fileRef = B80807072B4C3CCF00299F9F /* MemberDetailViewController.swift */; };
		B8652D6D2B714B8C00433066 /* ArrivalResponse.swift in Sources */ = {isa = PBXBuildFile; fileRef = B8652D6C2B714B8B00433066 /* ArrivalResponse.swift */; };
		B8652D752B72111C00433066 /* ArrivalInfo.swift in Sources */ = {isa = PBXBuildFile; fileRef = B8652D742B72111C00433066 /* ArrivalInfo.swift */; };
		B8652D782B7215A300433066 /* APIManager.swift in Sources */ = {isa = PBXBuildFile; fileRef = B8652D772B7215A300433066 /* APIManager.swift */; };
		B8652D7B2B72162700433066 /* SubwayViewModel.swift in Sources */ = {isa = PBXBuildFile; fileRef = B8652D7A2B72162700433066 /* SubwayViewModel.swift */; };
		B8652D812B726C0E00433066 /* Secrets.plist in Resources */ = {isa = PBXBuildFile; fileRef = B8652D802B726C0E00433066 /* Secrets.plist */; };
		B8652D832B726D6400433066 /* .gitignore in Resources */ = {isa = PBXBuildFile; fileRef = B8652D822B726D6400433066 /* .gitignore */; };
		B8652D852B726E0B00433066 /* RxSwiftStudy++Bundle.swift in Sources */ = {isa = PBXBuildFile; fileRef = B8652D842B726E0B00433066 /* RxSwiftStudy++Bundle.swift */; };
		B86992B92B6929E6001ED6DC /* SubwayView.swift in Sources */ = {isa = PBXBuildFile; fileRef = B86992B82B6929E6001ED6DC /* SubwayView.swift */; };
		B86992BB2B6929F3001ED6DC /* SubwayViewController.swift in Sources */ = {isa = PBXBuildFile; fileRef = B86992BA2B6929F3001ED6DC /* SubwayViewController.swift */; };
		B8BB4F2D2B566BE500BF23F4 /* MemberItemCell.swift in Sources */ = {isa = PBXBuildFile; fileRef = B8BB4F2C2B566BE500BF23F4 /* MemberItemCell.swift */; };
/* End PBXBuildFile section */

/* Begin PBXFileReference section */
		B80806A52B46DADB00299F9F /* RxSwiftStudy.app */ = {isa = PBXFileReference; explicitFileType = wrapper.application; includeInIndex = 0; path = RxSwiftStudy.app; sourceTree = BUILT_PRODUCTS_DIR; };
		B80806A82B46DADB00299F9F /* AppDelegate.swift */ = {isa = PBXFileReference; lastKnownFileType = sourcecode.swift; path = AppDelegate.swift; sourceTree = "<group>"; };
		B80806AA2B46DADB00299F9F /* SceneDelegate.swift */ = {isa = PBXFileReference; lastKnownFileType = sourcecode.swift; path = SceneDelegate.swift; sourceTree = "<group>"; };
		B80806B12B46DADD00299F9F /* Assets.xcassets */ = {isa = PBXFileReference; lastKnownFileType = folder.assetcatalog; path = Assets.xcassets; sourceTree = "<group>"; };
		B80806B42B46DADD00299F9F /* Base */ = {isa = PBXFileReference; lastKnownFileType = file.storyboard; name = Base; path = Base.lproj/LaunchScreen.storyboard; sourceTree = "<group>"; };
		B80806B62B46DADD00299F9F /* Info.plist */ = {isa = PBXFileReference; lastKnownFileType = text.plist.xml; path = Info.plist; sourceTree = "<group>"; };
		B80806D82B46E21700299F9F /* TestView.swift */ = {isa = PBXFileReference; lastKnownFileType = sourcecode.swift; path = TestView.swift; sourceTree = "<group>"; };
		B80806DA2B46E22900299F9F /* TestViewController.swift */ = {isa = PBXFileReference; lastKnownFileType = sourcecode.swift; path = TestViewController.swift; sourceTree = "<group>"; };
		B80806FF2B4C3C9B00299F9F /* MemberListViewController.swift */ = {isa = PBXFileReference; lastKnownFileType = sourcecode.swift; path = MemberListViewController.swift; sourceTree = "<group>"; };
		B80807032B4C3CB600299F9F /* MemberListView.swift */ = {isa = PBXFileReference; lastKnownFileType = sourcecode.swift; path = MemberListView.swift; sourceTree = "<group>"; };
		B80807052B4C3CBF00299F9F /* MemberDetailView.swift */ = {isa = PBXFileReference; lastKnownFileType = sourcecode.swift; path = MemberDetailView.swift; sourceTree = "<group>"; };
		B80807072B4C3CCF00299F9F /* MemberDetailViewController.swift */ = {isa = PBXFileReference; lastKnownFileType = sourcecode.swift; path = MemberDetailViewController.swift; sourceTree = "<group>"; };
		B8652D6C2B714B8B00433066 /* ArrivalResponse.swift */ = {isa = PBXFileReference; lastKnownFileType = sourcecode.swift; path = ArrivalResponse.swift; sourceTree = "<group>"; };
		B8652D742B72111C00433066 /* ArrivalInfo.swift */ = {isa = PBXFileReference; lastKnownFileType = sourcecode.swift; path = ArrivalInfo.swift; sourceTree = "<group>"; };
		B8652D772B7215A300433066 /* APIManager.swift */ = {isa = PBXFileReference; lastKnownFileType = sourcecode.swift; path = APIManager.swift; sourceTree = "<group>"; };
		B8652D7A2B72162700433066 /* SubwayViewModel.swift */ = {isa = PBXFileReference; lastKnownFileType = sourcecode.swift; path = SubwayViewModel.swift; sourceTree = "<group>"; };
		B8652D802B726C0E00433066 /* Secrets.plist */ = {isa = PBXFileReference; lastKnownFileType = text.plist.xml; path = Secrets.plist; sourceTree = "<group>"; };
		B8652D822B726D6400433066 /* .gitignore */ = {isa = PBXFileReference; lastKnownFileType = text; path = .gitignore; sourceTree = "<group>"; };
		B8652D842B726E0B00433066 /* RxSwiftStudy++Bundle.swift */ = {isa = PBXFileReference; lastKnownFileType = sourcecode.swift; path = "RxSwiftStudy++Bundle.swift"; sourceTree = "<group>"; };
		B86992B82B6929E6001ED6DC /* SubwayView.swift */ = {isa = PBXFileReference; lastKnownFileType = sourcecode.swift; path = SubwayView.swift; sourceTree = "<group>"; };
		B86992BA2B6929F3001ED6DC /* SubwayViewController.swift */ = {isa = PBXFileReference; lastKnownFileType = sourcecode.swift; path = SubwayViewController.swift; sourceTree = "<group>"; };
		B8BB4F2C2B566BE500BF23F4 /* MemberItemCell.swift */ = {isa = PBXFileReference; lastKnownFileType = sourcecode.swift; path = MemberItemCell.swift; sourceTree = "<group>"; };
/* End PBXFileReference section */

/* Begin PBXFrameworksBuildPhase section */
		B80806A22B46DADB00299F9F /* Frameworks */ = {
			isa = PBXFrameworksBuildPhase;
			buildActionMask = 2147483647;
			files = (
				B80806CF2B46DE1F00299F9F /* RxSwift in Frameworks */,
				B80806BE2B46DD8D00299F9F /* SnapKit in Frameworks */,
				B80806C72B46DE1F00299F9F /* RxCocoa in Frameworks */,
				B80806D12B46DE1F00299F9F /* RxSwift-Dynamic in Frameworks */,
				B80806C02B46DD8D00299F9F /* SnapKit-Dynamic in Frameworks */,
				B80806C92B46DE1F00299F9F /* RxCocoa-Dynamic in Frameworks */,
			);
			runOnlyForDeploymentPostprocessing = 0;
		};
/* End PBXFrameworksBuildPhase section */

/* Begin PBXGroup section */
		B808069C2B46DADB00299F9F = {
			isa = PBXGroup;
			children = (
				B80806A72B46DADB00299F9F /* RxSwiftStudy */,
				B80806A62B46DADB00299F9F /* Products */,
			);
			sourceTree = "<group>";
		};
		B80806A62B46DADB00299F9F /* Products */ = {
			isa = PBXGroup;
			children = (
				B80806A52B46DADB00299F9F /* RxSwiftStudy.app */,
			);
			name = Products;
			sourceTree = "<group>";
		};
		B80806A72B46DADB00299F9F /* RxSwiftStudy */ = {
			isa = PBXGroup;
			children = (
				B80806A82B46DADB00299F9F /* AppDelegate.swift */,
				B80806AA2B46DADB00299F9F /* SceneDelegate.swift */,
				B80806D82B46E21700299F9F /* TestView.swift */,
				B80806DA2B46E22900299F9F /* TestViewController.swift */,
				B80806FC2B4C3C3900299F9F /* Step2 */,
				B86992B32B69296F001ED6DC /* Subway */,
				B80806B12B46DADD00299F9F /* Assets.xcassets */,
				B80806B32B46DADD00299F9F /* LaunchScreen.storyboard */,
				B80806B62B46DADD00299F9F /* Info.plist */,
				B8652D802B726C0E00433066 /* Secrets.plist */,
				B8652D822B726D6400433066 /* .gitignore */,
			);
			path = RxSwiftStudy;
			sourceTree = "<group>";
		};
		B80806FC2B4C3C3900299F9F /* Step2 */ = {
			isa = PBXGroup;
			children = (
				B808070A2B4C3CEA00299F9F /* Controller */,
				B80807092B4C3CE000299F9F /* View */,
			);
			path = Step2;
			sourceTree = "<group>";
		};
		B80807092B4C3CE000299F9F /* View */ = {
			isa = PBXGroup;
			children = (
				B80807032B4C3CB600299F9F /* MemberListView.swift */,
				B80807052B4C3CBF00299F9F /* MemberDetailView.swift */,
				B8BB4F2C2B566BE500BF23F4 /* MemberItemCell.swift */,
			);
			path = View;
			sourceTree = "<group>";
		};
		B808070A2B4C3CEA00299F9F /* Controller */ = {
			isa = PBXGroup;
			children = (
				B80806FF2B4C3C9B00299F9F /* MemberListViewController.swift */,
				B80807072B4C3CCF00299F9F /* MemberDetailViewController.swift */,
			);
			path = Controller;
			sourceTree = "<group>";
		};
		B8652D722B7210EA00433066 /* Network */ = {
			isa = PBXGroup;
			children = (
				B8652D6C2B714B8B00433066 /* ArrivalResponse.swift */,
			);
			path = Network;
			sourceTree = "<group>";
		};
		B8652D732B7210F500433066 /* View */ = {
			isa = PBXGroup;
			children = (
				B8652D742B72111C00433066 /* ArrivalInfo.swift */,
			);
			path = View;
			sourceTree = "<group>";
		};
		B8652D762B72158A00433066 /* Utils */ = {
			isa = PBXGroup;
			children = (
				B8652D772B7215A300433066 /* APIManager.swift */,
				B8652D842B726E0B00433066 /* RxSwiftStudy++Bundle.swift */,
			);
			path = Utils;
			sourceTree = "<group>";
		};
		B86992B32B69296F001ED6DC /* Subway */ = {
			isa = PBXGroup;
			children = (
				B8652D762B72158A00433066 /* Utils */,
				B86992B42B69298D001ED6DC /* Model */,
				B86992B52B692994001ED6DC /* View */,
				B86992B62B6929A8001ED6DC /* ViewModel */,
			);
			path = Subway;
			sourceTree = "<group>";
		};
		B86992B42B69298D001ED6DC /* Model */ = {
			isa = PBXGroup;
			children = (
				B8652D732B7210F500433066 /* View */,
				B8652D722B7210EA00433066 /* Network */,
			);
			path = Model;
			sourceTree = "<group>";
		};
		B86992B52B692994001ED6DC /* View */ = {
			isa = PBXGroup;
			children = (
				B86992B82B6929E6001ED6DC /* SubwayView.swift */,
				B86992BA2B6929F3001ED6DC /* SubwayViewController.swift */,
			);
			path = View;
			sourceTree = "<group>";
		};
		B86992B62B6929A8001ED6DC /* ViewModel */ = {
			isa = PBXGroup;
			children = (
				B8652D7A2B72162700433066 /* SubwayViewModel.swift */,
			);
			path = ViewModel;
			sourceTree = "<group>";
		};
/* End PBXGroup section */

/* Begin PBXNativeTarget section */
		B80806A42B46DADB00299F9F /* RxSwiftStudy */ = {
			isa = PBXNativeTarget;
			buildConfigurationList = B80806B92B46DADD00299F9F /* Build configuration list for PBXNativeTarget "RxSwiftStudy" */;
			buildPhases = (
				B80806A12B46DADB00299F9F /* Sources */,
				B80806A22B46DADB00299F9F /* Frameworks */,
				B80806A32B46DADB00299F9F /* Resources */,
			);
			buildRules = (
			);
			dependencies = (
			);
			name = RxSwiftStudy;
			packageProductDependencies = (
				B80806BD2B46DD8D00299F9F /* SnapKit */,
				B80806BF2B46DD8D00299F9F /* SnapKit-Dynamic */,
				B80806C62B46DE1F00299F9F /* RxCocoa */,
				B80806C82B46DE1F00299F9F /* RxCocoa-Dynamic */,
				B80806CE2B46DE1F00299F9F /* RxSwift */,
				B80806D02B46DE1F00299F9F /* RxSwift-Dynamic */,
			);
			productName = RxSwiftStudy;
			productReference = B80806A52B46DADB00299F9F /* RxSwiftStudy.app */;
			productType = "com.apple.product-type.application";
		};
/* End PBXNativeTarget section */

/* Begin PBXProject section */
		B808069D2B46DADB00299F9F /* Project object */ = {
			isa = PBXProject;
			attributes = {
				BuildIndependentTargetsInParallel = 1;
				LastSwiftUpdateCheck = 1500;
				LastUpgradeCheck = 1500;
				TargetAttributes = {
					B80806A42B46DADB00299F9F = {
						CreatedOnToolsVersion = 15.0;
					};
				};
			};
			buildConfigurationList = B80806A02B46DADB00299F9F /* Build configuration list for PBXProject "RxSwiftStudy" */;
			compatibilityVersion = "Xcode 14.0";
			developmentRegion = en;
			hasScannedForEncodings = 0;
			knownRegions = (
				en,
				Base,
			);
			mainGroup = B808069C2B46DADB00299F9F;
			packageReferences = (
				B80806BC2B46DD8D00299F9F /* XCRemoteSwiftPackageReference "SnapKit" */,
				B80806C12B46DE1F00299F9F /* XCRemoteSwiftPackageReference "RxSwift" */,
			);
			productRefGroup = B80806A62B46DADB00299F9F /* Products */;
			projectDirPath = "";
			projectRoot = "";
			targets = (
				B80806A42B46DADB00299F9F /* RxSwiftStudy */,
			);
		};
/* End PBXProject section */

/* Begin PBXResourcesBuildPhase section */
		B80806A32B46DADB00299F9F /* Resources */ = {
			isa = PBXResourcesBuildPhase;
			buildActionMask = 2147483647;
			files = (
				B8652D832B726D6400433066 /* .gitignore in Resources */,
				B8652D812B726C0E00433066 /* Secrets.plist in Resources */,
				B80806B52B46DADD00299F9F /* LaunchScreen.storyboard in Resources */,
				B80806B22B46DADD00299F9F /* Assets.xcassets in Resources */,
			);
			runOnlyForDeploymentPostprocessing = 0;
		};
/* End PBXResourcesBuildPhase section */

/* Begin PBXSourcesBuildPhase section */
		B80806A12B46DADB00299F9F /* Sources */ = {
			isa = PBXSourcesBuildPhase;
			buildActionMask = 2147483647;
			files = (
				B80806D92B46E21700299F9F /* TestView.swift in Sources */,
				B86992B92B6929E6001ED6DC /* SubwayView.swift in Sources */,
				B80806A92B46DADB00299F9F /* AppDelegate.swift in Sources */,
				B8652D7B2B72162700433066 /* SubwayViewModel.swift in Sources */,
				B80807082B4C3CCF00299F9F /* MemberDetailViewController.swift in Sources */,
				B8652D852B726E0B00433066 /* RxSwiftStudy++Bundle.swift in Sources */,
				B80806DB2B46E22900299F9F /* TestViewController.swift in Sources */,
				B8BB4F2D2B566BE500BF23F4 /* MemberItemCell.swift in Sources */,
				B8652D782B7215A300433066 /* APIManager.swift in Sources */,
				B86992BB2B6929F3001ED6DC /* SubwayViewController.swift in Sources */,
				B8652D6D2B714B8C00433066 /* ArrivalResponse.swift in Sources */,
				B80807042B4C3CB600299F9F /* MemberListView.swift in Sources */,
				B80806AB2B46DADB00299F9F /* SceneDelegate.swift in Sources */,
				B80807002B4C3C9B00299F9F /* MemberListViewController.swift in Sources */,
				B80807062B4C3CBF00299F9F /* MemberDetailView.swift in Sources */,
				B8652D752B72111C00433066 /* ArrivalInfo.swift in Sources */,
			);
			runOnlyForDeploymentPostprocessing = 0;
		};
/* End PBXSourcesBuildPhase section */

/* Begin PBXVariantGroup section */
		B80806B32B46DADD00299F9F /* LaunchScreen.storyboard */ = {
			isa = PBXVariantGroup;
			children = (
				B80806B42B46DADD00299F9F /* Base */,
			);
			name = LaunchScreen.storyboard;
			sourceTree = "<group>";
		};
/* End PBXVariantGroup section */

/* Begin XCBuildConfiguration section */
		B80806B72B46DADD00299F9F /* Debug */ = {
			isa = XCBuildConfiguration;
			buildSettings = {
				ALWAYS_SEARCH_USER_PATHS = NO;
				ASSETCATALOG_COMPILER_GENERATE_SWIFT_ASSET_SYMBOL_EXTENSIONS = YES;
				CLANG_ANALYZER_NONNULL = YES;
				CLANG_ANALYZER_NUMBER_OBJECT_CONVERSION = YES_AGGRESSIVE;
				CLANG_CXX_LANGUAGE_STANDARD = "gnu++20";
				CLANG_ENABLE_MODULES = YES;
				CLANG_ENABLE_OBJC_ARC = YES;
				CLANG_ENABLE_OBJC_WEAK = YES;
				CLANG_WARN_BLOCK_CAPTURE_AUTORELEASING = YES;
				CLANG_WARN_BOOL_CONVERSION = YES;
				CLANG_WARN_COMMA = YES;
				CLANG_WARN_CONSTANT_CONVERSION = YES;
				CLANG_WARN_DEPRECATED_OBJC_IMPLEMENTATIONS = YES;
				CLANG_WARN_DIRECT_OBJC_ISA_USAGE = YES_ERROR;
				CLANG_WARN_DOCUMENTATION_COMMENTS = YES;
				CLANG_WARN_EMPTY_BODY = YES;
				CLANG_WARN_ENUM_CONVERSION = YES;
				CLANG_WARN_INFINITE_RECURSION = YES;
				CLANG_WARN_INT_CONVERSION = YES;
				CLANG_WARN_NON_LITERAL_NULL_CONVERSION = YES;
				CLANG_WARN_OBJC_IMPLICIT_RETAIN_SELF = YES;
				CLANG_WARN_OBJC_LITERAL_CONVERSION = YES;
				CLANG_WARN_OBJC_ROOT_CLASS = YES_ERROR;
				CLANG_WARN_QUOTED_INCLUDE_IN_FRAMEWORK_HEADER = YES;
				CLANG_WARN_RANGE_LOOP_ANALYSIS = YES;
				CLANG_WARN_STRICT_PROTOTYPES = YES;
				CLANG_WARN_SUSPICIOUS_MOVE = YES;
				CLANG_WARN_UNGUARDED_AVAILABILITY = YES_AGGRESSIVE;
				CLANG_WARN_UNREACHABLE_CODE = YES;
				CLANG_WARN__DUPLICATE_METHOD_MATCH = YES;
				COPY_PHASE_STRIP = NO;
				DEBUG_INFORMATION_FORMAT = dwarf;
				ENABLE_STRICT_OBJC_MSGSEND = YES;
				ENABLE_TESTABILITY = YES;
				ENABLE_USER_SCRIPT_SANDBOXING = YES;
				GCC_C_LANGUAGE_STANDARD = gnu17;
				GCC_DYNAMIC_NO_PIC = NO;
				GCC_NO_COMMON_BLOCKS = YES;
				GCC_OPTIMIZATION_LEVEL = 0;
				GCC_PREPROCESSOR_DEFINITIONS = (
					"DEBUG=1",
					"$(inherited)",
				);
				GCC_WARN_64_TO_32_BIT_CONVERSION = YES;
				GCC_WARN_ABOUT_RETURN_TYPE = YES_ERROR;
				GCC_WARN_UNDECLARED_SELECTOR = YES;
				GCC_WARN_UNINITIALIZED_AUTOS = YES_AGGRESSIVE;
				GCC_WARN_UNUSED_FUNCTION = YES;
				GCC_WARN_UNUSED_VARIABLE = YES;
				IPHONEOS_DEPLOYMENT_TARGET = 17.0;
				LOCALIZATION_PREFERS_STRING_CATALOGS = YES;
				MTL_ENABLE_DEBUG_INFO = INCLUDE_SOURCE;
				MTL_FAST_MATH = YES;
				ONLY_ACTIVE_ARCH = YES;
				SDKROOT = iphoneos;
				SWIFT_ACTIVE_COMPILATION_CONDITIONS = "DEBUG $(inherited)";
				SWIFT_OPTIMIZATION_LEVEL = "-Onone";
			};
			name = Debug;
		};
		B80806B82B46DADD00299F9F /* Release */ = {
			isa = XCBuildConfiguration;
			buildSettings = {
				ALWAYS_SEARCH_USER_PATHS = NO;
				ASSETCATALOG_COMPILER_GENERATE_SWIFT_ASSET_SYMBOL_EXTENSIONS = YES;
				CLANG_ANALYZER_NONNULL = YES;
				CLANG_ANALYZER_NUMBER_OBJECT_CONVERSION = YES_AGGRESSIVE;
				CLANG_CXX_LANGUAGE_STANDARD = "gnu++20";
				CLANG_ENABLE_MODULES = YES;
				CLANG_ENABLE_OBJC_ARC = YES;
				CLANG_ENABLE_OBJC_WEAK = YES;
				CLANG_WARN_BLOCK_CAPTURE_AUTORELEASING = YES;
				CLANG_WARN_BOOL_CONVERSION = YES;
				CLANG_WARN_COMMA = YES;
				CLANG_WARN_CONSTANT_CONVERSION = YES;
				CLANG_WARN_DEPRECATED_OBJC_IMPLEMENTATIONS = YES;
				CLANG_WARN_DIRECT_OBJC_ISA_USAGE = YES_ERROR;
				CLANG_WARN_DOCUMENTATION_COMMENTS = YES;
				CLANG_WARN_EMPTY_BODY = YES;
				CLANG_WARN_ENUM_CONVERSION = YES;
				CLANG_WARN_INFINITE_RECURSION = YES;
				CLANG_WARN_INT_CONVERSION = YES;
				CLANG_WARN_NON_LITERAL_NULL_CONVERSION = YES;
				CLANG_WARN_OBJC_IMPLICIT_RETAIN_SELF = YES;
				CLANG_WARN_OBJC_LITERAL_CONVERSION = YES;
				CLANG_WARN_OBJC_ROOT_CLASS = YES_ERROR;
				CLANG_WARN_QUOTED_INCLUDE_IN_FRAMEWORK_HEADER = YES;
				CLANG_WARN_RANGE_LOOP_ANALYSIS = YES;
				CLANG_WARN_STRICT_PROTOTYPES = YES;
				CLANG_WARN_SUSPICIOUS_MOVE = YES;
				CLANG_WARN_UNGUARDED_AVAILABILITY = YES_AGGRESSIVE;
				CLANG_WARN_UNREACHABLE_CODE = YES;
				CLANG_WARN__DUPLICATE_METHOD_MATCH = YES;
				COPY_PHASE_STRIP = NO;
				DEBUG_INFORMATION_FORMAT = "dwarf-with-dsym";
				ENABLE_NS_ASSERTIONS = NO;
				ENABLE_STRICT_OBJC_MSGSEND = YES;
				ENABLE_USER_SCRIPT_SANDBOXING = YES;
				GCC_C_LANGUAGE_STANDARD = gnu17;
				GCC_NO_COMMON_BLOCKS = YES;
				GCC_WARN_64_TO_32_BIT_CONVERSION = YES;
				GCC_WARN_ABOUT_RETURN_TYPE = YES_ERROR;
				GCC_WARN_UNDECLARED_SELECTOR = YES;
				GCC_WARN_UNINITIALIZED_AUTOS = YES_AGGRESSIVE;
				GCC_WARN_UNUSED_FUNCTION = YES;
				GCC_WARN_UNUSED_VARIABLE = YES;
				IPHONEOS_DEPLOYMENT_TARGET = 17.0;
				LOCALIZATION_PREFERS_STRING_CATALOGS = YES;
				MTL_ENABLE_DEBUG_INFO = NO;
				MTL_FAST_MATH = YES;
				SDKROOT = iphoneos;
				SWIFT_COMPILATION_MODE = wholemodule;
				VALIDATE_PRODUCT = YES;
			};
			name = Release;
		};
		B80806BA2B46DADD00299F9F /* Debug */ = {
			isa = XCBuildConfiguration;
			buildSettings = {
				ASSETCATALOG_COMPILER_APPICON_NAME = AppIcon;
				ASSETCATALOG_COMPILER_GLOBAL_ACCENT_COLOR_NAME = AccentColor;
				CODE_SIGN_STYLE = Automatic;
				CURRENT_PROJECT_VERSION = 1;
				DEVELOPMENT_TEAM = RCM87YWJ79;
				GENERATE_INFOPLIST_FILE = YES;
				INFOPLIST_FILE = RxSwiftStudy/Info.plist;
				INFOPLIST_KEY_UIApplicationSupportsIndirectInputEvents = YES;
				INFOPLIST_KEY_UILaunchStoryboardName = LaunchScreen;
				INFOPLIST_KEY_UISupportedInterfaceOrientations_iPad = "UIInterfaceOrientationPortrait UIInterfaceOrientationPortraitUpsideDown UIInterfaceOrientationLandscapeLeft UIInterfaceOrientationLandscapeRight";
				INFOPLIST_KEY_UISupportedInterfaceOrientations_iPhone = "UIInterfaceOrientationPortrait UIInterfaceOrientationLandscapeLeft UIInterfaceOrientationLandscapeRight";
				LD_RUNPATH_SEARCH_PATHS = (
					"$(inherited)",
					"@executable_path/Frameworks",
				);
				MARKETING_VERSION = 1.0;
				PRODUCT_BUNDLE_IDENTIFIER = kybeen.RxSwiftStudy;
				PRODUCT_NAME = "$(TARGET_NAME)";
				SWIFT_EMIT_LOC_STRINGS = YES;
				SWIFT_VERSION = 5.0;
				TARGETED_DEVICE_FAMILY = "1,2";
			};
			name = Debug;
		};
		B80806BB2B46DADD00299F9F /* Release */ = {
			isa = XCBuildConfiguration;
			buildSettings = {
				ASSETCATALOG_COMPILER_APPICON_NAME = AppIcon;
				ASSETCATALOG_COMPILER_GLOBAL_ACCENT_COLOR_NAME = AccentColor;
				CODE_SIGN_STYLE = Automatic;
				CURRENT_PROJECT_VERSION = 1;
				DEVELOPMENT_TEAM = RCM87YWJ79;
				GENERATE_INFOPLIST_FILE = YES;
				INFOPLIST_FILE = RxSwiftStudy/Info.plist;
				INFOPLIST_KEY_UIApplicationSupportsIndirectInputEvents = YES;
				INFOPLIST_KEY_UILaunchStoryboardName = LaunchScreen;
				INFOPLIST_KEY_UISupportedInterfaceOrientations_iPad = "UIInterfaceOrientationPortrait UIInterfaceOrientationPortraitUpsideDown UIInterfaceOrientationLandscapeLeft UIInterfaceOrientationLandscapeRight";
				INFOPLIST_KEY_UISupportedInterfaceOrientations_iPhone = "UIInterfaceOrientationPortrait UIInterfaceOrientationLandscapeLeft UIInterfaceOrientationLandscapeRight";
				LD_RUNPATH_SEARCH_PATHS = (
					"$(inherited)",
					"@executable_path/Frameworks",
				);
				MARKETING_VERSION = 1.0;
				PRODUCT_BUNDLE_IDENTIFIER = kybeen.RxSwiftStudy;
				PRODUCT_NAME = "$(TARGET_NAME)";
				SWIFT_EMIT_LOC_STRINGS = YES;
				SWIFT_VERSION = 5.0;
				TARGETED_DEVICE_FAMILY = "1,2";
			};
			name = Release;
		};
/* End XCBuildConfiguration section */

/* Begin XCConfigurationList section */
		B80806A02B46DADB00299F9F /* Build configuration list for PBXProject "RxSwiftStudy" */ = {
			isa = XCConfigurationList;
			buildConfigurations = (
				B80806B72B46DADD00299F9F /* Debug */,
				B80806B82B46DADD00299F9F /* Release */,
			);
			defaultConfigurationIsVisible = 0;
			defaultConfigurationName = Release;
		};
		B80806B92B46DADD00299F9F /* Build configuration list for PBXNativeTarget "RxSwiftStudy" */ = {
			isa = XCConfigurationList;
			buildConfigurations = (
				B80806BA2B46DADD00299F9F /* Debug */,
				B80806BB2B46DADD00299F9F /* Release */,
			);
			defaultConfigurationIsVisible = 0;
			defaultConfigurationName = Release;
		};
/* End XCConfigurationList section */

/* Begin XCRemoteSwiftPackageReference section */
		B80806BC2B46DD8D00299F9F /* XCRemoteSwiftPackageReference "SnapKit" */ = {
			isa = XCRemoteSwiftPackageReference;
			repositoryURL = "https://github.com/SnapKit/SnapKit";
			requirement = {
				kind = upToNextMajorVersion;
				minimumVersion = 5.7.0;
			};
		};
		B80806C12B46DE1F00299F9F /* XCRemoteSwiftPackageReference "RxSwift" */ = {
			isa = XCRemoteSwiftPackageReference;
			repositoryURL = "https://github.com/ReactiveX/RxSwift";
			requirement = {
				kind = upToNextMajorVersion;
				minimumVersion = 6.6.0;
			};
		};
/* End XCRemoteSwiftPackageReference section */

/* Begin XCSwiftPackageProductDependency section */
		B80806BD2B46DD8D00299F9F /* SnapKit */ = {
			isa = XCSwiftPackageProductDependency;
			package = B80806BC2B46DD8D00299F9F /* XCRemoteSwiftPackageReference "SnapKit" */;
			productName = SnapKit;
		};
		B80806BF2B46DD8D00299F9F /* SnapKit-Dynamic */ = {
			isa = XCSwiftPackageProductDependency;
			package = B80806BC2B46DD8D00299F9F /* XCRemoteSwiftPackageReference "SnapKit" */;
			productName = "SnapKit-Dynamic";
		};
		B80806C62B46DE1F00299F9F /* RxCocoa */ = {
			isa = XCSwiftPackageProductDependency;
			package = B80806C12B46DE1F00299F9F /* XCRemoteSwiftPackageReference "RxSwift" */;
			productName = RxCocoa;
		};
		B80806C82B46DE1F00299F9F /* RxCocoa-Dynamic */ = {
			isa = XCSwiftPackageProductDependency;
			package = B80806C12B46DE1F00299F9F /* XCRemoteSwiftPackageReference "RxSwift" */;
			productName = "RxCocoa-Dynamic";
		};
		B80806CE2B46DE1F00299F9F /* RxSwift */ = {
			isa = XCSwiftPackageProductDependency;
			package = B80806C12B46DE1F00299F9F /* XCRemoteSwiftPackageReference "RxSwift" */;
			productName = RxSwift;
		};
		B80806D02B46DE1F00299F9F /* RxSwift-Dynamic */ = {
			isa = XCSwiftPackageProductDependency;
			package = B80806C12B46DE1F00299F9F /* XCRemoteSwiftPackageReference "RxSwift" */;
			productName = "RxSwift-Dynamic";
		};
/* End XCSwiftPackageProductDependency section */
	};
	rootObject = B808069D2B46DADB00299F9F /* Project object */;
}
